{
  "nodes": {
    "crane": {
      "locked": {
        "lastModified": 1743908961,
        "narHash": "sha256-e1idZdpnnHWuosI3KsBgAgrhMR05T2oqskXCmNzGPq0=",
        "owner": "ipetkov",
        "repo": "crane",
        "rev": "80ceeec0dc94ef967c371dcdc56adb280328f591",
        "type": "github"
      },
      "original": {
        "owner": "ipetkov",
        "repo": "crane",
        "type": "github"
      }
    },
    "flake-utils": {
      "inputs": {
        "systems": "systems"
      },
      "locked": {
        "lastModified": 1731533236,
        "narHash": "sha256-l0KFg5HjrsfsO/JpG+r7fRrqm12kzFHyUHqHCVpMMbI=",
        "owner": "numtide",
        "repo": "flake-utils",
        "rev": "11707dc2f618dd54ca8739b309ec4fc024de578b",
        "type": "github"
      },
      "original": {
        "owner": "numtide",
        "repo": "flake-utils",
        "type": "github"
      }
    },
    "jetpack": {
      "inputs": {
        "nixpkgs": [
          "nixpkgs"
        ]
      },
      "locked": {
        "lastModified": 1740206202,
        "narHash": "sha256-QqazMQ9hkuqWyzlaXzHmkZHqqH4PVaoqqnDCfSpO6P0=",
        "owner": "anduril",
        "repo": "jetpack-nixos",
        "rev": "57beefbee162476553291015791f5ae4b322a67d",
        "type": "github"
      },
      "original": {
        "owner": "anduril",
        "ref": "master",
        "repo": "jetpack-nixos",
        "type": "github"
      }
    },
    "nixpkgs": {
      "locked": {
        "lastModified": 1744168086,
        "narHash": "sha256-S9M4HddBCxbbX1CKSyDYgZ8NCVyHcbKnBfoUXeRu2jQ=",
        "owner": "nixos",
        "repo": "nixpkgs",
        "rev": "60e405b241edb6f0573f3d9f944617fe33ac4a73",
        "type": "github"
      },
      "original": {
        "owner": "nixos",
        "ref": "nixos-24.11",
        "repo": "nixpkgs",
        "type": "github"
      }
    },
    "nixpkgs-unstable": {
      "locked": {
        "lastModified": 1744098102,
        "narHash": "sha256-tzCdyIJj9AjysC3OuKA+tMD/kDEDAF9mICPDU7ix0JA=",
        "owner": "nixos",
        "repo": "nixpkgs",
        "rev": "c8cd81426f45942bb2906d5ed2fe21d2f19d95b7",
        "type": "github"
      },
      "original": {
        "owner": "nixos",
        "ref": "nixos-unstable",
        "repo": "nixpkgs",
        "type": "github"
      }
    },
    "root": {
      "inputs": {
        "crane": "crane",
        "flake-utils": "flake-utils",
        "jetpack": "jetpack",
        "nixpkgs": "nixpkgs",
        "nixpkgs-unstable": "nixpkgs-unstable",
        "rust-overlay": "rust-overlay"
      }
    },
    "rust-overlay": {
      "inputs": {
        "nixpkgs": [
          "nixpkgs"
        ]
      },
      "locked": {
        "lastModified": 1744252416,
        "narHash": "sha256-Vrs2GxaL0tLi9GCIUrutHgPSr+g7GYCetu7argsNrB4=",
        "owner": "oxalica",
        "repo": "rust-overlay",
        "rev": "2af83121f9d2c5281796e60e2b048906a84b9fac",
        "type": "github"
      },
      "original": {
        "owner": "oxalica",
        "repo": "rust-overlay",
        "type": "github"
      }
    },
    "systems": {
      "locked": {
        "lastModified": 1681028828,
        "narHash": "sha256-Vy1rq5AaRuLzOxct8nz4T6wlgyUR7zLU309k9mBC768=",
        "owner": "nix-systems",
        "repo": "default",
        "rev": "da67096a3b9bf56a91d16901293e51ba5b49a27e",
        "type": "github"
      },
      "original": {
        "owner": "nix-systems",
        "repo": "default",
        "type": "github"
      }
    }
  },
  "root": "root",
  "version": 7
}
