{
  "nodes": {
    "cuda-legacy": {
      "inputs": {
        "flake-parts": [
          "jetpack",
          "cuda-legacy"
        ],
        "nixpkgs": [
          "jetpack",
          "nixpkgs"
        ]
      },
      "locked": {
        "lastModified": 1768505959,
        "narHash": "sha256-oFCx/ApQ+S1/apUKWsvT9vq+Eo1m2vINWEDkW7/nckA=",
        "owner": "nixos-cuda",
        "repo": "cuda-legacy",
        "rev": "86ad7e2c2e314f0234539cbbc66b5cd7746bcd32",
        "type": "github"
      },
      "original": {
        "owner": "nixos-cuda",
        "repo": "cuda-legacy",
        "type": "github"
      }
    },
    "jetpack": {
      "inputs": {
        "cuda-legacy": "cuda-legacy",
        "nixpkgs": [
          "nixpkgs"
        ]
      },
      "locked": {
        "lastModified": 1780334549,
        "narHash": "sha256-SVmtu81BtkU+3+6CQvarnijlwLunY64CVH+e3GsSl8s=",
        "owner": "anduril",
        "repo": "jetpack-nixos",
        "rev": "4a4e93a7b3fbe1915870ec54002c616f01367195",
        "type": "github"
      },
      "original": {
        "owner": "anduril",
        "repo": "jetpack-nixos",
        "rev": "4a4e93a7b3fbe1915870ec54002c616f01367195",
        "type": "github"
      }
    },
    "nixpkgs": {
      "locked": {
        "lastModified": 1780902259,
        "narHash": "sha256-q8yYEC5f1mFlQO9RGna4LTc9QrcvWunX6FYp83munkQ=",
        "owner": "NixOS",
        "repo": "nixpkgs",
        "rev": "bd0ff2d3eac24699c3664d5966b9ef36f388e2ca",
        "type": "github"
      },
      "original": {
        "owner": "NixOS",
        "ref": "nixos-26.05",
        "repo": "nixpkgs",
        "type": "github"
      }
    },
    "nixpkgs-unstable": {
      "locked": {
        "lastModified": 1774709303,
        "narHash": "sha256-D3Q07BbIA2KnTcSXIqqu9P586uWxN74zNoCH3h2ESHg=",
        "owner": "nixos",
        "repo": "nixpkgs",
        "rev": "8110df5ad7abf5d4c0f6fb0f8f978390e77f9685",
        "type": "github"
      },
      "original": {
        "owner": "nixos",
        "ref": "nixos-unstable",
        "repo": "nixpkgs",
        "type": "github"
      }
    },
    "root": {
      "inputs": {
        "jetpack": "jetpack",
        "nixpkgs": "nixpkgs",
        "nixpkgs-unstable": "nixpkgs-unstable",
        "rust-overlay": "rust-overlay"
      }
    },
    "rust-overlay": {
      "inputs": {
        "nixpkgs": [
          "nixpkgs"
        ]
      },
      "locked": {
        "lastModified": 1779160702,
        "narHash": "sha256-frUihZLlBLdcFN95mq5QiQmxF2M16nxtmw1GH4rhZmg=",
        "owner": "oxalica",
        "repo": "rust-overlay",
        "rev": "8cd592658d4448c57326aaa819e1c2f91086eb40",
        "type": "github"
      },
      "original": {
        "owner": "oxalica",
        "repo": "rust-overlay",
        "type": "github"
      }
    }
  },
  "root": "root",
  "version": 7
}
