{
  "nodes": {
    "cargo2nix": {
      "inputs": {
        "flake-compat": "flake-compat",
        "flake-utils": [
          "elodin",
          "flake-utils"
        ],
        "nixpkgs": [
          "elodin",
          "nixpkgs"
        ],
        "rust-overlay": [
          "elodin",
          "rust-overlay"
        ]
      },
      "locked": {
        "lastModified": 1705129117,
        "narHash": "sha256-LgdDHibvimzYhxBK3kxCk2gAL7k4Hyigl5KI0X9cijA=",
        "owner": "cargo2nix",
        "repo": "cargo2nix",
        "rev": "ae19a9e1f8f0880c088ea155ab66cee1fa001f59",
        "type": "github"
      },
      "original": {
        "owner": "cargo2nix",
        "ref": "release-0.11.0",
        "repo": "cargo2nix",
        "type": "github"
      }
    },
    "crane": {
      "inputs": {
        "nixpkgs": [
          "nixpkgs"
        ]
      },
      "locked": {
        "lastModified": 1706473964,
        "narHash": "sha256-Fq6xleee/TsX6NbtoRuI96bBuDHMU57PrcK9z1QEKbk=",
        "owner": "ipetkov",
        "repo": "crane",
        "rev": "c798790eabec3e3da48190ae3698ac227aab770c",
        "type": "github"
      },
      "original": {
        "owner": "ipetkov",
        "repo": "crane",
        "type": "github"
      }
    },
    "elodin": {
      "inputs": {
        "cargo2nix": "cargo2nix",
        "flake-utils": "flake-utils",
        "get-flake": "get-flake",
        "nixpkgs": "nixpkgs",
        "rust-overlay": "rust-overlay"
      },
      "locked": {
        "lastModified": 0,
        "narHash": "sha256-URmQpjcLSgwN35pKp7/FjnGTgX40IDgzhIODjs6GShg=",
        "path": "../../.",
        "type": "path"
      },
      "original": {
        "path": "../../.",
        "type": "path"
      }
    },
    "flake-compat": {
      "flake": false,
      "locked": {
        "lastModified": 1696426674,
        "narHash": "sha256-kvjfFW7WAETZlt09AgDn1MrtKzP7t90Vf7vypd3OL1U=",
        "owner": "edolstra",
        "repo": "flake-compat",
        "rev": "0f9255e01c2351cc7d116c072cb317785dd33b33",
        "type": "github"
      },
      "original": {
        "owner": "edolstra",
        "repo": "flake-compat",
        "type": "github"
      }
    },
    "flake-utils": {
      "inputs": {
        "systems": "systems"
      },
      "locked": {
        "lastModified": 1705309234,
        "narHash": "sha256-uNRRNRKmJyCRC/8y1RqBkqWBLM034y4qN7EprSdmgyA=",
        "owner": "numtide",
        "repo": "flake-utils",
        "rev": "1ef2e671c3b0c19053962c07dbda38332dcebf26",
        "type": "github"
      },
      "original": {
        "owner": "numtide",
        "repo": "flake-utils",
        "type": "github"
      }
    },
    "get-flake": {
      "locked": {
        "lastModified": 1694475786,
        "narHash": "sha256-s5wDmPooMUNIAAsxxCMMh9g68AueGg63DYk2hVZJbc8=",
        "owner": "ursi",
        "repo": "get-flake",
        "rev": "ac54750e3b95dab6ec0726d77f440efe6045bec1",
        "type": "github"
      },
      "original": {
        "owner": "ursi",
        "repo": "get-flake",
        "type": "github"
      }
    },
    "nixpkgs": {
      "locked": {
        "lastModified": 1700110549,
        "narHash": "sha256-ew5T+Lj3Jv+V/AJKiSoqbEyrLee2MGs4SjGJihDV33I=",
        "owner": "NixOS",
        "repo": "nixpkgs",
        "rev": "aba830385baac22d06a22085f5b5baeb88c88b46",
        "type": "github"
      },
      "original": {
        "owner": "NixOS",
        "repo": "nixpkgs",
        "rev": "aba830385baac22d06a22085f5b5baeb88c88b46",
        "type": "github"
      }
    },
    "root": {
      "inputs": {
        "crane": "crane",
        "elodin": "elodin",
        "flake-utils": [
          "elodin",
          "flake-utils"
        ],
        "nixpkgs": [
          "elodin",
          "nixpkgs"
        ],
        "rust-overlay": [
          "elodin",
          "rust-overlay"
        ]
      }
    },
    "rust-overlay": {
      "inputs": {
        "flake-utils": [
          "elodin",
          "flake-utils"
        ],
        "nixpkgs": [
          "elodin",
          "nixpkgs"
        ]
      },
      "locked": {
        "lastModified": 1705889935,
        "narHash": "sha256-77KPBK5e0ACNzIgJDMuptTtEqKvHBxTO3ksqXHHVO+4=",
        "owner": "oxalica",
        "repo": "rust-overlay",
        "rev": "e36f66bb10b09f5189dc3b1706948eaeb9a1c555",
        "type": "github"
      },
      "original": {
        "owner": "oxalica",
        "repo": "rust-overlay",
        "rev": "e36f66bb10b09f5189dc3b1706948eaeb9a1c555",
        "type": "github"
      }
    },
    "systems": {
      "locked": {
        "lastModified": 1681028828,
        "narHash": "sha256-Vy1rq5AaRuLzOxct8nz4T6wlgyUR7zLU309k9mBC768=",
        "owner": "nix-systems",
        "repo": "default",
        "rev": "da67096a3b9bf56a91d16901293e51ba5b49a27e",
        "type": "github"
      },
      "original": {
        "owner": "nix-systems",
        "repo": "default",
        "type": "github"
      }
    }
  },
  "root": "root",
  "version": 7
}
